
Microsoft Visual Studio Solution File, Format Version 12.00
# Visual Studio Version 16
VisualStudioVersion = 16.0.28803.452
MinimumVisualStudioVersion = 10.0.40219.1
Project("{9A19103F-16F7-4668-BE54-9A1E7A4F7556}") = "api", "api\api.csproj", "{958FE0A5-BC77-4577-8DF6-ECBFF7F61BEB}"
EndProject
Global
	GlobalSection(SolutionConfigurationPlatforms) = preSolution
		Debug|Any CPU = Debug|Any CPU
		Release|Any CPU = Release|Any CPU
	EndGlobalSection
	GlobalSection(ProjectConfigurationPlatforms) = postSolution
		{958FE0A5-BC77-4577-8DF6-ECBFF7F61BEB}.Debug|Any CPU.ActiveCfg = Debug|Any CPU
		{958FE0A5-BC77-4577-8DF6-ECBFF7F61BEB}.Debug|Any CPU.Build.0 = Debug|Any CPU
		{958FE0A5-BC77-4577-8DF6-ECBFF7F61BEB}.Release|Any CPU.ActiveCfg = Release|Any CPU
		{958FE0A5-BC77-4577-8DF6-ECBFF7F61BEB}.Release|Any CPU.Build.0 = Release|Any CPU
	EndGlobalSection
	GlobalSection(SolutionProperties) = preSolution
		HideSolutionNode = FALSE
	EndGlobalSection
	GlobalSection(ExtensibilityGlobals) = postSolution
		SolutionGuid = {6EB3FDA4-2257-4C99-8AC3-E9AB4813DE7A}
	EndGlobalSection
EndGlobal
